
Microsoft Visual Studio Solution File, Format Version 12.00
# Visual Studio Version 17
VisualStudioVersion = 17.3.32804.467
MinimumVisualStudioVersion = 10.0.40219.1
Project("{FAE04EC0-301F-11D3-BF4B-00C04F79EFBC}") = "API", "API\API.csproj", "{07E88F40-0A5E-4837-B123-0BB27C3D79FC}"
EndProject
Global
	GlobalSection(SolutionConfigurationPlatforms) = preSolution
		Debug|Any CPU = Debug|Any CPU
		Release|Any CPU = Release|Any CPU
	EndGlobalSection
	GlobalSection(ProjectConfigurationPlatforms) = postSolution
		{07E88F40-0A5E-4837-B123-0BB27C3D79FC}.Debug|Any CPU.ActiveCfg = Debug|Any CPU
		{07E88F40-0A5E-4837-B123-0BB27C3D79FC}.Debug|Any CPU.Build.0 = Debug|Any CPU
		{07E88F40-0A5E-4837-B123-0BB27C3D79FC}.Release|Any CPU.ActiveCfg = Release|Any CPU
		{07E88F40-0A5E-4837-B123-0BB27C3D79FC}.Release|Any CPU.Build.0 = Release|Any CPU
	EndGlobalSection
	GlobalSection(SolutionProperties) = preSolution
		HideSolutionNode = FALSE
	EndGlobalSection
	GlobalSection(ExtensibilityGlobals) = postSolution
		SolutionGuid = {7E8E06B9-8627-4776-8E06-BAEDE3F3C6B3}
	EndGlobalSection
EndGlobal
